version = 1
revision = 3
requires-python = ">=3.13"

[manifest]
members = [
    "cidm6325",
    "travelmathlite",
]

[[package]]
name = "asgiref"
version = "3.10.0"
source = { registry = "https://pypi.org/simple" }
sdist = { url = "https://files.pythonhosted.org/packages/46/08/4dfec9b90758a59acc6be32ac82e98d1fbfc321cb5cfa410436dbacf821c/asgiref-3.10.0.tar.gz", hash = "sha256:d89f2d8cd8b56dada7d52fa7dc8075baa08fb836560710d38c292a7a3f78c04e", size = 37483, upload-time = "2025-10-05T09:15:06.557Z" }
wheels = [
    { url = "https://files.pythonhosted.org/packages/17/9c/fc2331f538fbf7eedba64b2052e99ccf9ba9d6888e2f41441ee28847004b/asgiref-3.10.0-py3-none-any.whl", hash = "sha256:aef8a81283a34d0ab31630c9b7dfe70c812c95eba78171367ca8745e88124734", size = 24050, upload-time = "2025-10-05T09:15:05.11Z" },
]

[[package]]
name = "bleach"
version = "6.3.0"
source = { registry = "https://pypi.org/simple" }
dependencies = [
    { name = "webencodings" },
]
sdist = { url = "https://files.pythonhosted.org/packages/07/18/3c8523962314be6bf4c8989c79ad9531c825210dd13a8669f6b84336e8bd/bleach-6.3.0.tar.gz", hash = "sha256:6f3b91b1c0a02bb9a78b5a454c92506aa0fdf197e1d5e114d2e00c6f64306d22", size = 203533, upload-time = "2025-10-27T17:57:39.211Z" }
wheels = [
    { url = "https://files.pythonhosted.org/packages/cd/3a/577b549de0cc09d95f11087ee63c739bba856cd3952697eec4c4bb91350a/bleach-6.3.0-py3-none-any.whl", hash = "sha256:fe10ec77c93ddf3d13a73b035abaac7a9f5e436513864ccdad516693213c65d6", size = 164437, upload-time = "2025-10-27T17:57:37.538Z" },
]

[[package]]
name = "cidm6325"
version = "0.1.0"
source = { editable = "." }
dependencies = [
    { name = "bleach" },
    { name = "django" },
    { name = "django-taggit" },
    { name = "markdown" },
]

[package.metadata]
requires-dist = [
    { name = "bleach" },
    { name = "django", specifier = "==5.2.7" },
    { name = "django-taggit", specifier = "==6.1.0" },
    { name = "markdown" },
]

[[package]]
name = "django"
version = "5.2.7"
source = { registry = "https://pypi.org/simple" }
dependencies = [
    { name = "asgiref" },
    { name = "sqlparse" },
    { name = "tzdata", marker = "sys_platform == 'win32'" },
]
sdist = { url = "https://files.pythonhosted.org/packages/b1/96/bd84e2bb997994de8bcda47ae4560991084e86536541d7214393880f01a8/django-5.2.7.tar.gz", hash = "sha256:e0f6f12e2551b1716a95a63a1366ca91bbcd7be059862c1b18f989b1da356cdd", size = 10865812, upload-time = "2025-10-01T14:22:12.081Z" }
wheels = [
    { url = "https://files.pythonhosted.org/packages/8f/ef/81f3372b5dd35d8d354321155d1a38894b2b766f576d0abffac4d8ae78d9/django-5.2.7-py3-none-any.whl", hash = "sha256:59a13a6515f787dec9d97a0438cd2efac78c8aca1c80025244b0fe507fe0754b", size = 8307145, upload-time = "2025-10-01T14:22:49.476Z" },
]

[[package]]
name = "django-debug-toolbar"
version = "6.1.0"
source = { registry = "https://pypi.org/simple" }
dependencies = [
    { name = "django" },
    { name = "sqlparse" },
]
sdist = { url = "https://files.pythonhosted.org/packages/c0/50/acae2dd379164f6f4c6b6b36fd48a4d21b02095a03f4df7c30a8d1f1a62c/django_debug_toolbar-6.1.0.tar.gz", hash = "sha256:e962ec350c9be8bdba918138e975a9cdb193f60ec396af2bb71b769e8e165519", size = 309141, upload-time = "2025-10-30T19:50:39.458Z" }
wheels = [
    { url = "https://files.pythonhosted.org/packages/6d/72/685c978af45ad08257e2c69687a873eda6b6531c79b6e6091794c41c5ff6/django_debug_toolbar-6.1.0-py3-none-any.whl", hash = "sha256:e214dea4494087e7cebdcea84223819c5eb97f9de3110a3665ad673f0ba98413", size = 269069, upload-time = "2025-10-30T19:50:37.71Z" },
]

[[package]]
name = "django-taggit"
version = "6.1.0"
source = { registry = "https://pypi.org/simple" }
dependencies = [
    { name = "django" },
]
sdist = { url = "https://files.pythonhosted.org/packages/34/a6/f1beaf8f552fe90c153cc039316ebab942c23dfbc88588dde081fefca816/django_taggit-6.1.0.tar.gz", hash = "sha256:c4d1199e6df34125dd36db5eb0efe545b254dec3980ce5dd80e6bab3e78757c3", size = 38151, upload-time = "2024-09-29T08:07:39.477Z" }
wheels = [
    { url = "https://files.pythonhosted.org/packages/6b/34/4185c345530b91d05cb82e05d07148f481a5eb5dc2ac44e092b3daa6f206/django_taggit-6.1.0-py3-none-any.whl", hash = "sha256:ab776264bbc76cb3d7e49e1bf9054962457831bd21c3a42db9138b41956e4cf0", size = 75749, upload-time = "2024-09-29T08:07:14.612Z" },
]

[[package]]
name = "markdown"
version = "3.9"
source = { registry = "https://pypi.org/simple" }
sdist = { url = "https://files.pythonhosted.org/packages/8d/37/02347f6d6d8279247a5837082ebc26fc0d5aaeaf75aa013fcbb433c777ab/markdown-3.9.tar.gz", hash = "sha256:d2900fe1782bd33bdbbd56859defef70c2e78fc46668f8eb9df3128138f2cb6a", size = 364585, upload-time = "2025-09-04T20:25:22.885Z" }
wheels = [
    { url = "https://files.pythonhosted.org/packages/70/ae/44c4a6a4cbb496d93c6257954260fe3a6e91b7bed2240e5dad2a717f5111/markdown-3.9-py3-none-any.whl", hash = "sha256:9f4d91ed810864ea88a6f32c07ba8bee1346c0cc1f6b1f9f6c822f2a9667d280", size = 107441, upload-time = "2025-09-04T20:25:21.784Z" },
]

[[package]]
name = "sqlparse"
version = "0.5.3"
source = { registry = "https://pypi.org/simple" }
sdist = { url = "https://files.pythonhosted.org/packages/e5/40/edede8dd6977b0d3da179a342c198ed100dd2aba4be081861ee5911e4da4/sqlparse-0.5.3.tar.gz", hash = "sha256:09f67787f56a0b16ecdbde1bfc7f5d9c3371ca683cfeaa8e6ff60b4807ec9272", size = 84999, upload-time = "2024-12-10T12:05:30.728Z" }
wheels = [
    { url = "https://files.pythonhosted.org/packages/a9/5c/bfd6bd0bf979426d405cc6e71eceb8701b148b16c21d2dc3c261efc61c7b/sqlparse-0.5.3-py3-none-any.whl", hash = "sha256:cf2196ed3418f3ba5de6af7e82c694a9fbdbfecccdfc72e281548517081f16ca", size = 44415, upload-time = "2024-12-10T12:05:27.824Z" },
]

[[package]]
name = "travelmathlite"
version = "0.1.0"
source = { virtual = "travelmathlite" }
dependencies = [
    { name = "django" },
]

[package.dev-dependencies]
dev = [
    { name = "django-debug-toolbar" },
]

[package.metadata]
requires-dist = [{ name = "django", specifier = ">=5.2.7" }]

[package.metadata.requires-dev]
dev = [{ name = "django-debug-toolbar", specifier = ">=6.1.0" }]

[[package]]
name = "tzdata"
version = "2025.2"
source = { registry = "https://pypi.org/simple" }
sdist = { url = "https://files.pythonhosted.org/packages/95/32/1a225d6164441be760d75c2c42e2780dc0873fe382da3e98a2e1e48361e5/tzdata-2025.2.tar.gz", hash = "sha256:b60a638fcc0daffadf82fe0f57e53d06bdec2f36c4df66280ae79bce6bd6f2b9", size = 196380, upload-time = "2025-03-23T13:54:43.652Z" }
wheels = [
    { url = "https://files.pythonhosted.org/packages/5c/23/c7abc0ca0a1526a0774eca151daeb8de62ec457e77262b66b359c3c7679e/tzdata-2025.2-py2.py3-none-any.whl", hash = "sha256:1a403fada01ff9221ca8044d701868fa132215d84beb92242d9acd2147f667a8", size = 347839, upload-time = "2025-03-23T13:54:41.845Z" },
]

[[package]]
name = "webencodings"
version = "0.5.1"
source = { registry = "https://pypi.org/simple" }
sdist = { url = "https://files.pythonhosted.org/packages/0b/02/ae6ceac1baeda530866a85075641cec12989bd8d31af6d5ab4a3e8c92f47/webencodings-0.5.1.tar.gz", hash = "sha256:b36a1c245f2d304965eb4e0a82848379241dc04b865afcc4aab16748587e1923", size = 9721, upload-time = "2017-04-05T20:21:34.189Z" }
wheels = [
    { url = "https://files.pythonhosted.org/packages/f4/24/2a3e3df732393fed8b3ebf2ec078f05546de641fe1b667ee316ec1dcf3b7/webencodings-0.5.1-py2.py3-none-any.whl", hash = "sha256:a0af1213f3c2226497a97e2b3aa01a7e4bee4f403f95be16fc9acd2947514a78", size = 11774, upload-time = "2017-04-05T20:21:32.581Z" },
]
